
Microsoft Visual Studio Solution File, Format Version 12.00
# Visual Studio Version 16
VisualStudioVersion = 16.0.29409.12
MinimumVisualStudioVersion = 10.0.40219.1
Project("{9A19103F-16F7-4668-BE54-9A1E7A4F7556}") = "SchoolHouse.Web", "SchoolHouse.Web\SchoolHouse.Web.csproj", "{BEB275D8-4ECD-4A7F-B9A0-B63926F0CA27}"
	ProjectSection(ProjectDependencies) = postProject
		{3727A63D-3A2C-4C2D-9FEC-68EB8A2B84C7} = {3727A63D-3A2C-4C2D-9FEC-68EB8A2B84C7}
	EndProjectSection
EndProject
Project("{FAE04EC0-301F-11D3-BF4B-00C04F79EFBC}") = "SchoolHouse.DataAccess", "SchoolHouse.DataAccess\SchoolHouse.DataAccess.csproj", "{3727A63D-3A2C-4C2D-9FEC-68EB8A2B84C7}"
	ProjectSection(ProjectDependencies) = postProject
		{DD9907C2-448E-44E5-9414-689E0A8DE240} = {DD9907C2-448E-44E5-9414-689E0A8DE240}
	EndProjectSection
EndProject
Project("{FAE04EC0-301F-11D3-BF4B-00C04F79EFBC}") = "SchoolHouse.Models", "SchoolHouse.Models\SchoolHouse.Models.csproj", "{741FBAF0-0019-46D8-BCAE-B3C60AD7CC3A}"
EndProject
Project("{FAE04EC0-301F-11D3-BF4B-00C04F79EFBC}") = "SchoolHouse.Utility", "SchoolHouse.Utility\SchoolHouse.Utility.csproj", "{DD9907C2-448E-44E5-9414-689E0A8DE240}"
EndProject
Global
	GlobalSection(SolutionConfigurationPlatforms) = preSolution
		Debug|Any CPU = Debug|Any CPU
		Release|Any CPU = Release|Any CPU
	EndGlobalSection
	GlobalSection(ProjectConfigurationPlatforms) = postSolution
		{BEB275D8-4ECD-4A7F-B9A0-B63926F0CA27}.Debug|Any CPU.ActiveCfg = Debug|Any CPU
		{BEB275D8-4ECD-4A7F-B9A0-B63926F0CA27}.Debug|Any CPU.Build.0 = Debug|Any CPU
		{BEB275D8-4ECD-4A7F-B9A0-B63926F0CA27}.Release|Any CPU.ActiveCfg = Release|Any CPU
		{BEB275D8-4ECD-4A7F-B9A0-B63926F0CA27}.Release|Any CPU.Build.0 = Release|Any CPU
		{3727A63D-3A2C-4C2D-9FEC-68EB8A2B84C7}.Debug|Any CPU.ActiveCfg = Debug|Any CPU
		{3727A63D-3A2C-4C2D-9FEC-68EB8A2B84C7}.Debug|Any CPU.Build.0 = Debug|Any CPU
		{3727A63D-3A2C-4C2D-9FEC-68EB8A2B84C7}.Release|Any CPU.ActiveCfg = Release|Any CPU
		{3727A63D-3A2C-4C2D-9FEC-68EB8A2B84C7}.Release|Any CPU.Build.0 = Release|Any CPU
		{741FBAF0-0019-46D8-BCAE-B3C60AD7CC3A}.Debug|Any CPU.ActiveCfg = Debug|Any CPU
		{741FBAF0-0019-46D8-BCAE-B3C60AD7CC3A}.Debug|Any CPU.Build.0 = Debug|Any CPU
		{741FBAF0-0019-46D8-BCAE-B3C60AD7CC3A}.Release|Any CPU.ActiveCfg = Release|Any CPU
		{741FBAF0-0019-46D8-BCAE-B3C60AD7CC3A}.Release|Any CPU.Build.0 = Release|Any CPU
		{DD9907C2-448E-44E5-9414-689E0A8DE240}.Debug|Any CPU.ActiveCfg = Debug|Any CPU
		{DD9907C2-448E-44E5-9414-689E0A8DE240}.Debug|Any CPU.Build.0 = Debug|Any CPU
		{DD9907C2-448E-44E5-9414-689E0A8DE240}.Release|Any CPU.ActiveCfg = Release|Any CPU
		{DD9907C2-448E-44E5-9414-689E0A8DE240}.Release|Any CPU.Build.0 = Release|Any CPU
	EndGlobalSection
	GlobalSection(SolutionProperties) = preSolution
		HideSolutionNode = FALSE
	EndGlobalSection
	GlobalSection(ExtensibilityGlobals) = postSolution
		SolutionGuid = {931C9596-5B9D-4145-84E9-D546133B1A48}
	EndGlobalSection
EndGlobal
